
Microsoft Visual Studio Solution File, Format Version 12.00
# Visual Studio Version 16
VisualStudioVersion = 16.0.29728.190
MinimumVisualStudioVersion = 10.0.40219.1
Project("{FAE04EC0-301F-11D3-BF4B-00C04F79EFBC}") = "ImageToBase63", "ImageToBase63\ImageToBase63.csproj", "{021CE51D-78CB-4D3E-897E-C8FDA99013B3}"
EndProject
Global
	GlobalSection(SolutionConfigurationPlatforms) = preSolution
		Debug|Any CPU = Debug|Any CPU
		Release|Any CPU = Release|Any CPU
	EndGlobalSection
	GlobalSection(ProjectConfigurationPlatforms) = postSolution
		{021CE51D-78CB-4D3E-897E-C8FDA99013B3}.Debug|Any CPU.ActiveCfg = Debug|Any CPU
		{021CE51D-78CB-4D3E-897E-C8FDA99013B3}.Debug|Any CPU.Build.0 = Debug|Any CPU
		{021CE51D-78CB-4D3E-897E-C8FDA99013B3}.Release|Any CPU.ActiveCfg = Release|Any CPU
		{021CE51D-78CB-4D3E-897E-C8FDA99013B3}.Release|Any CPU.Build.0 = Release|Any CPU
	EndGlobalSection
	GlobalSection(SolutionProperties) = preSolution
		HideSolutionNode = FALSE
	EndGlobalSection
	GlobalSection(ExtensibilityGlobals) = postSolution
		SolutionGuid = {094815DC-C8F5-4BE4-86D0-19A2F400798C}
	EndGlobalSection
EndGlobal
